
Microsoft Visual Studio Solution File, Format Version 12.00
# Visual Studio Version 16
VisualStudioVersion = 16.0.31129.286
MinimumVisualStudioVersion = 10.0.40219.1
Project("{FAE04EC0-301F-11D3-BF4B-00C04F79EFBC}") = "Lesson01", "Lesson01.csproj", "{73E570E4-930A-41A0-87BE-F1972BEF50DB}"
EndProject
Project("{FAE04EC0-301F-11D3-BF4B-00C04F79EFBC}") = "Lab01", "..\Lab01\Lab01.csproj", "{FA923D1E-101A-4F88-9AB4-592F2C180E7E}"
EndProject
Project("{FAE04EC0-301F-11D3-BF4B-00C04F79EFBC}") = "Lesson02_1_Review", "..\Lesson02_1_Review\Lesson02_1_Review.csproj", "{25C02714-652D-4C5D-8A10-3BBC414F873B}"
EndProject
Project("{FAE04EC0-301F-11D3-BF4B-00C04F79EFBC}") = "Lesson02_2_ControllerDemo", "..\Lesson02_2_ControllerDemo\Lesson02_2_ControllerDemo.csproj", "{73FAE43C-EDB6-4832-BC1C-5E8D3D6C02EE}"
EndProject
Global
	GlobalSection(SolutionConfigurationPlatforms) = preSolution
		Debug|Any CPU = Debug|Any CPU
		Release|Any CPU = Release|Any CPU
	EndGlobalSection
	GlobalSection(ProjectConfigurationPlatforms) = postSolution
		{73E570E4-930A-41A0-87BE-F1972BEF50DB}.Debug|Any CPU.ActiveCfg = Debug|Any CPU
		{73E570E4-930A-41A0-87BE-F1972BEF50DB}.Debug|Any CPU.Build.0 = Debug|Any CPU
		{73E570E4-930A-41A0-87BE-F1972BEF50DB}.Release|Any CPU.ActiveCfg = Release|Any CPU
		{73E570E4-930A-41A0-87BE-F1972BEF50DB}.Release|Any CPU.Build.0 = Release|Any CPU
		{FA923D1E-101A-4F88-9AB4-592F2C180E7E}.Debug|Any CPU.ActiveCfg = Debug|Any CPU
		{FA923D1E-101A-4F88-9AB4-592F2C180E7E}.Debug|Any CPU.Build.0 = Debug|Any CPU
		{FA923D1E-101A-4F88-9AB4-592F2C180E7E}.Release|Any CPU.ActiveCfg = Release|Any CPU
		{FA923D1E-101A-4F88-9AB4-592F2C180E7E}.Release|Any CPU.Build.0 = Release|Any CPU
		{25C02714-652D-4C5D-8A10-3BBC414F873B}.Debug|Any CPU.ActiveCfg = Debug|Any CPU
		{25C02714-652D-4C5D-8A10-3BBC414F873B}.Debug|Any CPU.Build.0 = Debug|Any CPU
		{25C02714-652D-4C5D-8A10-3BBC414F873B}.Release|Any CPU.ActiveCfg = Release|Any CPU
		{25C02714-652D-4C5D-8A10-3BBC414F873B}.Release|Any CPU.Build.0 = Release|Any CPU
		{73FAE43C-EDB6-4832-BC1C-5E8D3D6C02EE}.Debug|Any CPU.ActiveCfg = Debug|Any CPU
		{73FAE43C-EDB6-4832-BC1C-5E8D3D6C02EE}.Debug|Any CPU.Build.0 = Debug|Any CPU
		{73FAE43C-EDB6-4832-BC1C-5E8D3D6C02EE}.Release|Any CPU.ActiveCfg = Release|Any CPU
		{73FAE43C-EDB6-4832-BC1C-5E8D3D6C02EE}.Release|Any CPU.Build.0 = Release|Any CPU
	EndGlobalSection
	GlobalSection(SolutionProperties) = preSolution
		HideSolutionNode = FALSE
	EndGlobalSection
	GlobalSection(ExtensibilityGlobals) = postSolution
		SolutionGuid = {33C82B2E-4D85-4E8E-803F-50368F878ACE}
	EndGlobalSection
EndGlobal
